
Microsoft Visual Studio Solution File, Format Version 12.00
# Visual Studio 15
VisualStudioVersion = 15.0.27004.2009
MinimumVisualStudioVersion = 10.0.40219.1
Project("{FAE04EC0-301F-11D3-BF4B-00C04F79EFBC}") = "NewYearApp", "NewYearApp\NewYearApp.csproj", "{CAB3AA7C-08AE-49E2-86E7-AE3658876267}"
EndProject
Global
	GlobalSection(SolutionConfigurationPlatforms) = preSolution
		Debug|Any CPU = Debug|Any CPU
		Release|Any CPU = Release|Any CPU
	EndGlobalSection
	GlobalSection(ProjectConfigurationPlatforms) = postSolution
		{CAB3AA7C-08AE-49E2-86E7-AE3658876267}.Debug|Any CPU.ActiveCfg = Debug|Any CPU
		{CAB3AA7C-08AE-49E2-86E7-AE3658876267}.Debug|Any CPU.Build.0 = Debug|Any CPU
		{CAB3AA7C-08AE-49E2-86E7-AE3658876267}.Release|Any CPU.ActiveCfg = Release|Any CPU
		{CAB3AA7C-08AE-49E2-86E7-AE3658876267}.Release|Any CPU.Build.0 = Release|Any CPU
	EndGlobalSection
	GlobalSection(SolutionProperties) = preSolution
		HideSolutionNode = FALSE
	EndGlobalSection
	GlobalSection(ExtensibilityGlobals) = postSolution
		SolutionGuid = {62E4FB17-CD6C-42BA-9726-C8E45E856551}
	EndGlobalSection
EndGlobal
